{
    "format_version": "0.1",
    "terraform_version": "0.12.20",
    "planned_values": {
        "root_module": {
            "resources": [
                {
                    "address": "aws_instance.splunk-prod",
                    "mode": "managed",
                    "type": "aws_instance",
                    "name": "splunk-prod",
                    "provider_name": "aws",
                    "schema_version": 1,
                    "values": {
                        "ami": "ami-06cf02a98a61f9f5e",
                        "associate_public_ip_address": true,
                        "credit_specification": [],
                        "disable_api_termination": null,
                        "ebs_optimized": false,
                        "get_password_data": false,
                        "hibernation": null,
                        "iam_instance_profile": null,
                        "instance_initiated_shutdown_behavior": null,
                        "instance_type": "t2.micro",
                        "key_name": "NPerez_Key",
                        "monitoring": false,
                        "source_dest_check": true,
                        "tags": {
                            "Name": "splunk-prod",
                            "Owner": "DSOLatam2020",
                            "Type": "prod"
                        },
                        "timeouts": null,
                        "user_data": null,
                        "user_data_base64": null
                    }
                },
                {
                    "address": "aws_internet_gateway.gw-prod",
                    "mode": "managed",
                    "type": "aws_internet_gateway",
                    "name": "gw-prod",
                    "provider_name": "aws",
                    "schema_version": 0,
                    "values": {
                        "tags": {
                            "Name": "subnet-prod",
                            "Owner": "DSOLatam2020",
                            "Type": "prod"
                        }
                    }
                },
                {
                    "address": "aws_security_group.splunk-prod",
                    "mode": "managed",
                    "type": "aws_security_group",
                    "name": "splunk-prod",
                    "provider_name": "aws",
                    "schema_version": 1,
                    "values": {
                        "description": "test-splunk",
                        "name": "splunk",
                        "name_prefix": null,
                        "revoke_rules_on_delete": false,
                        "tags": null,
                        "timeouts": null
                    }
                },
                {
                    "address": "aws_security_group_rule.splunk_ingress_SSH_prod",
                    "mode": "managed",
                    "type": "aws_security_group_rule",
                    "name": "splunk_ingress_SSH_prod",
                    "provider_name": "aws",
                    "schema_version": 2,
                    "values": {
                        "cidr_blocks": [
                            "0.0.0.0/0"
                        ],
                        "description": "Allow SSH to bad guys",
                        "from_port": 22,
                        "ipv6_cidr_blocks": null,
                        "prefix_list_ids": null,
                        "protocol": "tcp",
                        "self": false,
                        "to_port": 22,
                        "type": "ingress"
                    }
                },
                {
                    "address": "aws_security_group_rule.splunk_ingress_WEB_prod",
                    "mode": "managed",
                    "type": "aws_security_group_rule",
                    "name": "splunk_ingress_WEB_prod",
                    "provider_name": "aws",
                    "schema_version": 2,
                    "values": {
                        "cidr_blocks": [
                            "0.0.0.0/0"
                        ],
                        "description": "Allow ingress 8000 from BA office",
                        "from_port": 8000,
                        "ipv6_cidr_blocks": null,
                        "prefix_list_ids": null,
                        "protocol": "tcp",
                        "self": false,
                        "to_port": 8000,
                        "type": "ingress"
                    }
                },
                {
                    "address": "aws_subnet.prod",
                    "mode": "managed",
                    "type": "aws_subnet",
                    "name": "prod",
                    "provider_name": "aws",
                    "schema_version": 1,
                    "values": {
                        "assign_ipv6_address_on_creation": false,
                        "cidr_block": "172.16.1.0/24",
                        "map_public_ip_on_launch": false,
                        "outpost_arn": null,
                        "tags": {
                            "Name": "subnet-prod",
                            "Owner": "DSOLatam2020",
                            "Type": "prod"
                        },
                        "timeouts": null
                    }
                },
                {
                    "address": "aws_vpc.prod",
                    "mode": "managed",
                    "type": "aws_vpc",
                    "name": "prod",
                    "provider_name": "aws",
                    "schema_version": 1,
                    "values": {
                        "assign_generated_ipv6_cidr_block": false,
                        "cidr_block": "172.16.0.0/16",
                        "enable_dns_hostnames": true,
                        "enable_dns_support": true,
                        "instance_tenancy": "default",
                        "tags": {
                            "Name": "vpc-prod",
                            "Owner": "DSOLatam2020",
                            "Type": "prod"
                        }
                    }
                }
            ]
        }
    },
    "resource_changes": [
        {
            "address": "aws_instance.splunk-prod",
            "mode": "managed",
            "type": "aws_instance",
            "name": "splunk-prod",
            "provider_name": "aws",
            "change": {
                "actions": [
                    "create"
                ],
                "before": null,
                "after": {
                    "ami": "ami-06cf02a98a61f9f5e",
                    "associate_public_ip_address": true,
                    "credit_specification": [],
                    "disable_api_termination": null,
                    "ebs_optimized": false,
                    "get_password_data": false,
                    "hibernation": null,
                    "iam_instance_profile": null,
                    "instance_initiated_shutdown_behavior": null,
                    "instance_type": "t2.micro",
                    "key_name": "NPerez_Key",
                    "monitoring": false,
                    "source_dest_check": true,
                    "tags": {
                        "Name": "splunk-prod",
                        "Owner": "DSOLatam2020",
                        "Type": "prod"
                    },
                    "timeouts": null,
                    "user_data": null,
                    "user_data_base64": null
                },
                "after_unknown": {
                    "arn": true,
                    "availability_zone": true,
                    "cpu_core_count": true,
                    "cpu_threads_per_core": true,
                    "credit_specification": [],
                    "ebs_block_device": true,
                    "ephemeral_block_device": true,
                    "host_id": true,
                    "id": true,
                    "instance_state": true,
                    "ipv6_address_count": true,
                    "ipv6_addresses": true,
                    "metadata_options": true,
                    "network_interface": true,
                    "network_interface_id": true,
                    "outpost_arn": true,
                    "password_data": true,
                    "placement_group": true,
                    "primary_network_interface_id": true,
                    "private_dns": true,
                    "private_ip": true,
                    "public_dns": true,
                    "public_ip": true,
                    "root_block_device": true,
                    "security_groups": true,
                    "subnet_id": true,
                    "tags": {},
                    "tenancy": true,
                    "volume_tags": true,
                    "vpc_security_group_ids": true
                }
            }
        },
        {
            "address": "aws_internet_gateway.gw-prod",
            "mode": "managed",
            "type": "aws_internet_gateway",
            "name": "gw-prod",
            "provider_name": "aws",
            "change": {
                "actions": [
                    "create"
                ],
                "before": null,
                "after": {
                    "tags": {
                        "Name": "subnet-prod",
                        "Owner": "DSOLatam2020",
                        "Type": "prod"
                    }
                },
                "after_unknown": {
                    "arn": true,
                    "id": true,
                    "owner_id": true,
                    "tags": {},
                    "vpc_id": true
                }
            }
        },
        {
            "address": "aws_security_group.splunk-prod",
            "mode": "managed",
            "type": "aws_security_group",
            "name": "splunk-prod",
            "provider_name": "aws",
            "change": {
                "actions": [
                    "create"
                ],
                "before": null,
                "after": {
                    "description": "test-splunk",
                    "name": "splunk",
                    "name_prefix": null,
                    "revoke_rules_on_delete": false,
                    "tags": null,
                    "timeouts": null
                },
                "after_unknown": {
                    "arn": true,
                    "egress": true,
                    "id": true,
                    "ingress": true,
                    "owner_id": true,
                    "vpc_id": true
                }
            }
        },
        {
            "address": "aws_security_group_rule.splunk_ingress_SSH_prod",
            "mode": "managed",
            "type": "aws_security_group_rule",
            "name": "splunk_ingress_SSH_prod",
            "provider_name": "aws",
            "change": {
                "actions": [
                    "create"
                ],
                "before": null,
                "after": {
                    "cidr_blocks": [
                        "0.0.0.0/0"
                    ],
                    "description": "Allow SSH to bad guys",
                    "from_port": 22,
                    "ipv6_cidr_blocks": null,
                    "prefix_list_ids": null,
                    "protocol": "tcp",
                    "self": false,
                    "to_port": 22,
                    "type": "ingress"
                },
                "after_unknown": {
                    "cidr_blocks": [
                        false
                    ],
                    "id": true,
                    "security_group_id": true,
                    "source_security_group_id": true
                }
            }
        },
        {
            "address": "aws_security_group_rule.splunk_ingress_WEB_prod",
            "mode": "managed",
            "type": "aws_security_group_rule",
            "name": "splunk_ingress_WEB_prod",
            "provider_name": "aws",
            "change": {
                "actions": [
                    "create"
                ],
                "before": null,
                "after": {
                    "cidr_blocks": [
                        "0.0.0.0/0"
                    ],
                    "description": "Allow ingress 8000 from BA office",
                    "from_port": 8000,
                    "ipv6_cidr_blocks": null,
                    "prefix_list_ids": null,
                    "protocol": "tcp",
                    "self": false,
                    "to_port": 8000,
                    "type": "ingress"
                },
                "after_unknown": {
                    "cidr_blocks": [
                        false
                    ],
                    "id": true,
                    "security_group_id": true,
                    "source_security_group_id": true
                }
            }
        },
        {
            "address": "aws_subnet.prod",
            "mode": "managed",
            "type": "aws_subnet",
            "name": "prod",
            "provider_name": "aws",
            "change": {
                "actions": [
                    "create"
                ],
                "before": null,
                "after": {
                    "assign_ipv6_address_on_creation": false,
                    "cidr_block": "172.16.1.0/24",
                    "map_public_ip_on_launch": false,
                    "outpost_arn": null,
                    "tags": {
                        "Name": "subnet-prod",
                        "Owner": "DSOLatam2020",
                        "Type": "prod"
                    },
                    "timeouts": null
                },
                "after_unknown": {
                    "arn": true,
                    "availability_zone": true,
                    "availability_zone_id": true,
                    "id": true,
                    "ipv6_cidr_block": true,
                    "ipv6_cidr_block_association_id": true,
                    "owner_id": true,
                    "tags": {},
                    "vpc_id": true
                }
            }
        },
        {
            "address": "aws_vpc.prod",
            "mode": "managed",
            "type": "aws_vpc",
            "name": "prod",
            "provider_name": "aws",
            "change": {
                "actions": [
                    "create"
                ],
                "before": null,
                "after": {
                    "assign_generated_ipv6_cidr_block": false,
                    "cidr_block": "172.16.0.0/16",
                    "enable_dns_hostnames": true,
                    "enable_dns_support": true,
                    "instance_tenancy": "default",
                    "tags": {
                        "Name": "vpc-prod",
                        "Owner": "DSOLatam2020",
                        "Type": "prod"
                    }
                },
                "after_unknown": {
                    "arn": true,
                    "default_network_acl_id": true,
                    "default_route_table_id": true,
                    "default_security_group_id": true,
                    "dhcp_options_id": true,
                    "enable_classiclink": true,
                    "enable_classiclink_dns_support": true,
                    "id": true,
                    "ipv6_association_id": true,
                    "ipv6_cidr_block": true,
                    "main_route_table_id": true,
                    "owner_id": true,
                    "tags": {}
                }
            }
        }
    ],
    "configuration": {
        "provider_config": {
            "aws": {
                "name": "aws",
                "version_constraint": "~\u003e 2.0",
                "expressions": {
                    "region": {
                        "constant_value": "us-east-1"
                    }
                }
            }
        },
        "root_module": {
            "resources": [
                {
                    "address": "aws_instance.splunk-prod",
                    "mode": "managed",
                    "type": "aws_instance",
                    "name": "splunk-prod",
                    "provider_config_key": "aws",
                    "expressions": {
                        "ami": {
                            "constant_value": "ami-06cf02a98a61f9f5e"
                        },
                        "associate_public_ip_address": {
                            "constant_value": true
                        },
                        "ebs_optimized": {
                            "constant_value": false
                        },
                        "instance_type": {
                            "constant_value": "t2.micro"
                        },
                        "key_name": {
                            "constant_value": "NPerez_Key"
                        },
                        "monitoring": {
                            "constant_value": false
                        },
                        "security_groups": {
                            "references": [
                                "aws_security_group.splunk-prod"
                            ]
                        },
                        "subnet_id": {
                            "references": [
                                "aws_subnet.prod"
                            ]
                        },
                        "tags": {
                            "constant_value": {
                                "Name": "splunk-prod",
                                "Owner": "DSOLatam2020",
                                "Type": "prod"
                            }
                        }
                    },
                    "schema_version": 1
                },
                {
                    "address": "aws_internet_gateway.gw-prod",
                    "mode": "managed",
                    "type": "aws_internet_gateway",
                    "name": "gw-prod",
                    "provider_config_key": "aws",
                    "expressions": {
                        "tags": {
                            "constant_value": {
                                "Name": "subnet-prod",
                                "Owner": "DSOLatam2020",
                                "Type": "prod"
                            }
                        },
                        "vpc_id": {
                            "references": [
                                "aws_vpc.prod"
                            ]
                        }
                    },
                    "schema_version": 0
                },
                {
                    "address": "aws_security_group.splunk-prod",
                    "mode": "managed",
                    "type": "aws_security_group",
                    "name": "splunk-prod",
                    "provider_config_key": "aws",
                    "expressions": {
                        "description": {
                            "constant_value": "test-splunk"
                        },
                        "name": {
                            "constant_value": "splunk"
                        },
                        "vpc_id": {
                            "references": [
                                "aws_vpc.prod"
                            ]
                        }
                    },
                    "schema_version": 1
                },
                {
                    "address": "aws_security_group_rule.splunk_ingress_SSH_prod",
                    "mode": "managed",
                    "type": "aws_security_group_rule",
                    "name": "splunk_ingress_SSH_prod",
                    "provider_config_key": "aws",
                    "expressions": {
                        "cidr_blocks": {
                            "constant_value": [
                                "0.0.0.0/0"
                            ]
                        },
                        "description": {
                            "constant_value": "Allow SSH to bad guys"
                        },
                        "from_port": {
                            "constant_value": 22
                        },
                        "protocol": {
                            "constant_value": "tcp"
                        },
                        "security_group_id": {
                            "references": [
                                "aws_security_group.splunk-prod"
                            ]
                        },
                        "to_port": {
                            "constant_value": 22
                        },
                        "type": {
                            "constant_value": "ingress"
                        }
                    },
                    "schema_version": 2
                },
                {
                    "address": "aws_security_group_rule.splunk_ingress_WEB_prod",
                    "mode": "managed",
                    "type": "aws_security_group_rule",
                    "name": "splunk_ingress_WEB_prod",
                    "provider_config_key": "aws",
                    "expressions": {
                        "cidr_blocks": {
                            "constant_value": [
                                "0.0.0.0/0"
                            ]
                        },
                        "description": {
                            "constant_value": "Allow ingress 8000 from BA office"
                        },
                        "from_port": {
                            "constant_value": 8000
                        },
                        "protocol": {
                            "constant_value": "tcp"
                        },
                        "security_group_id": {
                            "references": [
                                "aws_security_group.splunk-prod"
                            ]
                        },
                        "to_port": {
                            "constant_value": 8000
                        },
                        "type": {
                            "constant_value": "ingress"
                        }
                    },
                    "schema_version": 2
                },
                {
                    "address": "aws_subnet.prod",
                    "mode": "managed",
                    "type": "aws_subnet",
                    "name": "prod",
                    "provider_config_key": "aws",
                    "expressions": {
                        "cidr_block": {
                            "constant_value": "172.16.1.0/24"
                        },
                        "tags": {
                            "constant_value": {
                                "Name": "subnet-prod",
                                "Owner": "DSOLatam2020",
                                "Type": "prod"
                            }
                        },
                        "vpc_id": {
                            "references": [
                                "aws_vpc.prod"
                            ]
                        }
                    },
                    "schema_version": 1
                },
                {
                    "address": "aws_vpc.prod",
                    "mode": "managed",
                    "type": "aws_vpc",
                    "name": "prod",
                    "provider_config_key": "aws",
                    "expressions": {
                        "cidr_block": {
                            "constant_value": "172.16.0.0/16"
                        },
                        "enable_dns_hostnames": {
                            "constant_value": true
                        },
                        "enable_dns_support": {
                            "constant_value": true
                        },
                        "instance_tenancy": {
                            "constant_value": "default"
                        },
                        "tags": {
                            "constant_value": {
                                "Name": "vpc-prod",
                                "Owner": "DSOLatam2020",
                                "Type": "prod"
                            }
                        }
                    },
                    "schema_version": 1
                }
            ]
        }
    }
}